
Microsoft Visual Studio Solution File, Format Version 12.00
# Visual Studio Version 17
VisualStudioVersion = 17.0.31903.59
MinimumVisualStudioVersion = 10.0.40219.1
Project("{888888A0-9F3D-457C-B088-3A5042F75D52}") = "FaceDetection", "FaceDetection\FaceDetection.pyproj", "{CE059093-6196-414E-BAE6-930C68DA73D2}"
EndProject
Global
	GlobalSection(SolutionConfigurationPlatforms) = preSolution
		Debug|Any CPU = Debug|Any CPU
		Release|Any CPU = Release|Any CPU
	EndGlobalSection
	GlobalSection(ProjectConfigurationPlatforms) = postSolution
		{CE059093-6196-414E-BAE6-930C68DA73D2}.Debug|Any CPU.ActiveCfg = Debug|Any CPU
		{CE059093-6196-414E-BAE6-930C68DA73D2}.Release|Any CPU.ActiveCfg = Release|Any CPU
	EndGlobalSection
	GlobalSection(SolutionProperties) = preSolution
		HideSolutionNode = FALSE
	EndGlobalSection
	GlobalSection(ExtensibilityGlobals) = postSolution
		SolutionGuid = {B8C27C51-1BDE-4DB0-9A53-CE5C991DFD7C}
	EndGlobalSection
EndGlobal
